
Microsoft Visual Studio Solution File, Format Version 12.00
# Visual Studio Version 17
VisualStudioVersion = 17.6.33829.357
MinimumVisualStudioVersion = 10.0.40219.1
Project("{FAE04EC0-301F-11D3-BF4B-00C04F79EFBC}") = "RESXTRANSLATOR", "RESXTRANSLATOR\RESXTRANSLATOR.csproj", "{00910DE5-DFEC-4D91-AC8B-ABB525433EBD}"
EndProject
Global
	GlobalSection(SolutionConfigurationPlatforms) = preSolution
		Debug|Any CPU = Debug|Any CPU
		Release|Any CPU = Release|Any CPU
	EndGlobalSection
	GlobalSection(ProjectConfigurationPlatforms) = postSolution
		{00910DE5-DFEC-4D91-AC8B-ABB525433EBD}.Debug|Any CPU.ActiveCfg = Debug|Any CPU
		{00910DE5-DFEC-4D91-AC8B-ABB525433EBD}.Debug|Any CPU.Build.0 = Debug|Any CPU
		{00910DE5-DFEC-4D91-AC8B-ABB525433EBD}.Release|Any CPU.ActiveCfg = Release|Any CPU
		{00910DE5-DFEC-4D91-AC8B-ABB525433EBD}.Release|Any CPU.Build.0 = Release|Any CPU
	EndGlobalSection
	GlobalSection(SolutionProperties) = preSolution
		HideSolutionNode = FALSE
	EndGlobalSection
	GlobalSection(ExtensibilityGlobals) = postSolution
		SolutionGuid = {A56DB206-46D2-4A06-9994-2004E3937E33}
	EndGlobalSection
EndGlobal
